
Microsoft Visual Studio Solution File, Format Version 12.00
# Visual Studio Version 17
VisualStudioVersion = 17.8.34322.80
MinimumVisualStudioVersion = 10.0.40219.1
Project("{FAE04EC0-301F-11D3-BF4B-00C04F79EFBC}") = "PrimeNumbers", "PrimeNumbers\PrimeNumbers.csproj", "{A6ECD635-D94F-40E0-80CF-A864A6EAD522}"
EndProject
Global
	GlobalSection(SolutionConfigurationPlatforms) = preSolution
		Debug|Any CPU = Debug|Any CPU
		Release|Any CPU = Release|Any CPU
	EndGlobalSection
	GlobalSection(ProjectConfigurationPlatforms) = postSolution
		{A6ECD635-D94F-40E0-80CF-A864A6EAD522}.Debug|Any CPU.ActiveCfg = Debug|Any CPU
		{A6ECD635-D94F-40E0-80CF-A864A6EAD522}.Debug|Any CPU.Build.0 = Debug|Any CPU
		{A6ECD635-D94F-40E0-80CF-A864A6EAD522}.Release|Any CPU.ActiveCfg = Release|Any CPU
		{A6ECD635-D94F-40E0-80CF-A864A6EAD522}.Release|Any CPU.Build.0 = Release|Any CPU
	EndGlobalSection
	GlobalSection(SolutionProperties) = preSolution
		HideSolutionNode = FALSE
	EndGlobalSection
	GlobalSection(ExtensibilityGlobals) = postSolution
		SolutionGuid = {55858EBB-CF3E-48BF-A69F-C1E6E9BE398A}
	EndGlobalSection
EndGlobal
